
Microsoft Visual Studio Solution File, Format Version 12.00
# Visual Studio Version 16
VisualStudioVersion = 16.0.33927.289
MinimumVisualStudioVersion = 10.0.40219.1
Project("{FAE04EC0-301F-11D3-BF4B-00C04F79EFBC}") = "Laba_2_V_11", "Laba_2_V_11.csproj", "{03F5B8C1-0306-40A8-AFA0-A0DA57CAE3DF}"
EndProject
Global
	GlobalSection(SolutionConfigurationPlatforms) = preSolution
		Debug|Any CPU = Debug|Any CPU
		Release|Any CPU = Release|Any CPU
	EndGlobalSection
	GlobalSection(ProjectConfigurationPlatforms) = postSolution
		{03F5B8C1-0306-40A8-AFA0-A0DA57CAE3DF}.Debug|Any CPU.ActiveCfg = Debug|Any CPU
		{03F5B8C1-0306-40A8-AFA0-A0DA57CAE3DF}.Debug|Any CPU.Build.0 = Debug|Any CPU
		{03F5B8C1-0306-40A8-AFA0-A0DA57CAE3DF}.Release|Any CPU.ActiveCfg = Release|Any CPU
		{03F5B8C1-0306-40A8-AFA0-A0DA57CAE3DF}.Release|Any CPU.Build.0 = Release|Any CPU
	EndGlobalSection
	GlobalSection(SolutionProperties) = preSolution
		HideSolutionNode = FALSE
	EndGlobalSection
	GlobalSection(ExtensibilityGlobals) = postSolution
		SolutionGuid = {C8D2510D-A371-44C0-928B-A55A4E9BE6BE}
	EndGlobalSection
EndGlobal
